# This file is generated by running "yarn install" inside your project.
# Manual changes might be lost - proceed with caution!

__metadata:
  version: 6
  cacheKey: 8

"@aws-crypto/crc32@npm:2.0.0":
  version: 2.0.0
  resolution: "@aws-crypto/crc32@npm:2.0.0"
  dependencies:
    "@aws-crypto/util": ^2.0.0
    "@aws-sdk/types": ^3.1.0
    tslib: ^1.11.1
  checksum: 88ab906da8304a430c655496e363835f3c7ca870db0dec50bb9d53ed0f446337de60c85ba7baa4528c8363bee708474785649262ebfde23a1e099eb69318b53e
  languageName: node
  linkType: hard

"@aws-crypto/crc32c@npm:2.0.0":
  version: 2.0.0
  resolution: "@aws-crypto/crc32c@npm:2.0.0"
  dependencies:
    "@aws-crypto/util": ^2.0.0
    "@aws-sdk/types": ^3.1.0
    tslib: ^1.11.1
  checksum: 776e1e61b3bde018b815d3973774a4ec3cd88c282046e49bb5a2625ac7db923068aad708a8e4c21b62a80e50a5c58324a32621b9ba82b7b2ecab66370c4fe893
  languageName: node
  linkType: hard

"@aws-crypto/ie11-detection@npm:^2.0.0":
  version: 2.0.0
  resolution: "@aws-crypto/ie11-detection@npm:2.0.0"
  dependencies:
    tslib: ^1.11.1
  checksum: dd15daa1160ecdf28b9c930dcbd7f8bc96e74d7f791134974b672f5d36182274c76db4fff414385cdb8997a8b7ade991988a571aaac3184e226e2ed6428d895f
  languageName: node
  linkType: hard

"@aws-crypto/sha1-browser@npm:2.0.0":
  version: 2.0.0
  resolution: "@aws-crypto/sha1-browser@npm:2.0.0"
  dependencies:
    "@aws-crypto/ie11-detection": ^2.0.0
    "@aws-crypto/supports-web-crypto": ^2.0.0
    "@aws-sdk/types": ^3.1.0
    "@aws-sdk/util-locate-window": ^3.0.0
    "@aws-sdk/util-utf8-browser": ^3.0.0
    tslib: ^1.11.1
  checksum: 72c0b24800cd79328fef934553e7a5d5929c90877d7e9a661614542dd29d0d99ee1594bd59fc028ee9ec595d77df56645a396c6336cff3c7784a564302d4a254
  languageName: node
  linkType: hard

"@aws-crypto/sha256-browser@npm:2.0.0":
  version: 2.0.0
  resolution: "@aws-crypto/sha256-browser@npm:2.0.0"
  dependencies:
    "@aws-crypto/ie11-detection": ^2.0.0
    "@aws-crypto/sha256-js": ^2.0.0
    "@aws-crypto/supports-web-crypto": ^2.0.0
    "@aws-crypto/util": ^2.0.0
    "@aws-sdk/types": ^3.1.0
    "@aws-sdk/util-locate-window": ^3.0.0
    "@aws-sdk/util-utf8-browser": ^3.0.0
    tslib: ^1.11.1
  checksum: 7bc1ff042d0c53a46c0fc3824bd97fb3ed1df7dc030b8a995889471052860b8c8ade469c97866fafd8249a3144d0f48b0f1054f357e2b403606009381c4b8f0e
  languageName: node
  linkType: hard

"@aws-crypto/sha256-js@npm:2.0.0":
  version: 2.0.0
  resolution: "@aws-crypto/sha256-js@npm:2.0.0"
  dependencies:
    "@aws-crypto/util": ^2.0.0
    "@aws-sdk/types": ^3.1.0
    tslib: ^1.11.1
  checksum: e4abf9baec6bed19d380f92a999a41ac5bdd8890dfd45971d29054c298854c5b7087e7de633413f2e64618ef8238ccf4c0b75797c73063c74bbba3cb5d8b2581
  languageName: node
  linkType: hard

"@aws-crypto/sha256-js@npm:^2.0.0":
  version: 2.0.1
  resolution: "@aws-crypto/sha256-js@npm:2.0.1"
  dependencies:
    "@aws-crypto/util": ^2.0.1
    "@aws-sdk/types": ^3.1.0
    tslib: ^1.11.1
  checksum: d5f07a5dde2cde277b63e781adc3fb0d04e202f56d159b50089f3bfd8bf657db1c35e18813e2ec6c3771dfdf0d0d6eb13f36a8ad021b5db7d2bb8fdc9f06dce3
  languageName: node
  linkType: hard

"@aws-crypto/supports-web-crypto@npm:^2.0.0":
  version: 2.0.0
  resolution: "@aws-crypto/supports-web-crypto@npm:2.0.0"
  dependencies:
    tslib: ^1.11.1
  checksum: 77fad3813a5d3c495296fb836293184d32aeddacd436bf7d1b59b93d87de4cf7c0dbf862d4eaf915259edfb7b424ea05e2ceeddbaa1588a154d0c19df455c475
  languageName: node
  linkType: hard

"@aws-crypto/util@npm:^2.0.0, @aws-crypto/util@npm:^2.0.1":
  version: 2.0.1
  resolution: "@aws-crypto/util@npm:2.0.1"
  dependencies:
    "@aws-sdk/types": ^3.1.0
    "@aws-sdk/util-utf8-browser": ^3.0.0
    tslib: ^1.11.1
  checksum: 83d7edea95336869854eb98bf53416a70ee824a03c8858779abcef7b7f35813ba3ba0aaa571d87c416bdcec78b620e825fe9e65769a15d2009af0ccb279ef981
  languageName: node
  linkType: hard

"@aws-sdk/abort-controller@npm:3.55.0":
  version: 3.55.0
  resolution: "@aws-sdk/abort-controller@npm:3.55.0"
  dependencies:
    "@aws-sdk/types": 3.55.0
    tslib: ^2.3.1
  checksum: c97b29c9670c1e618922c006b18fb4609c201e498816c5481396270c1fca206c6f8bd133418f299b210bb0d2159080998096e049a898743180ea9e9fdff701ad
  languageName: node
  linkType: hard

"@aws-sdk/chunked-blob-reader-native@npm:3.58.0":
  version: 3.58.0
  resolution: "@aws-sdk/chunked-blob-reader-native@npm:3.58.0"
  dependencies:
    "@aws-sdk/util-base64-browser": 3.58.0
    tslib: ^2.3.1
  checksum: 5f05977bdd54ce246edd9868b8b233a6210cadf4dd297cd1ccb22b8da6a7dc18b3382fa65064aa0c1a08cf2c76c28f82c0c36025069bd10e34f3957185007192
  languageName: node
  linkType: hard

"@aws-sdk/chunked-blob-reader@npm:3.55.0":
  version: 3.55.0
  resolution: "@aws-sdk/chunked-blob-reader@npm:3.55.0"
  dependencies:
    tslib: ^2.3.1
  checksum: 2e8794b7dad0075bb651241b0f10980fb9ca6556e9be14a7f35c4add17928c25eae3b7fa61fa868b2378447d886b3a0e150ef322629ff2b118c3bdc1b47328ea
  languageName: node
  linkType: hard

"@aws-sdk/client-s3@npm:^3.58.0":
  version: 3.58.0
  resolution: "@aws-sdk/client-s3@npm:3.58.0"
  dependencies:
    "@aws-crypto/sha1-browser": 2.0.0
    "@aws-crypto/sha256-browser": 2.0.0
    "@aws-crypto/sha256-js": 2.0.0
    "@aws-sdk/client-sts": 3.58.0
    "@aws-sdk/config-resolver": 3.58.0
    "@aws-sdk/credential-provider-node": 3.58.0
    "@aws-sdk/eventstream-serde-browser": 3.58.0
    "@aws-sdk/eventstream-serde-config-resolver": 3.55.0
    "@aws-sdk/eventstream-serde-node": 3.58.0
    "@aws-sdk/fetch-http-handler": 3.58.0
    "@aws-sdk/hash-blob-browser": 3.58.0
    "@aws-sdk/hash-node": 3.55.0
    "@aws-sdk/hash-stream-node": 3.58.0
    "@aws-sdk/invalid-dependency": 3.55.0
    "@aws-sdk/md5-js": 3.58.0
    "@aws-sdk/middleware-bucket-endpoint": 3.58.0
    "@aws-sdk/middleware-content-length": 3.58.0
    "@aws-sdk/middleware-expect-continue": 3.58.0
    "@aws-sdk/middleware-flexible-checksums": 3.58.0
    "@aws-sdk/middleware-host-header": 3.58.0
    "@aws-sdk/middleware-location-constraint": 3.55.0
    "@aws-sdk/middleware-logger": 3.55.0
    "@aws-sdk/middleware-retry": 3.58.0
    "@aws-sdk/middleware-sdk-s3": 3.58.0
    "@aws-sdk/middleware-serde": 3.55.0
    "@aws-sdk/middleware-signing": 3.58.0
    "@aws-sdk/middleware-ssec": 3.55.0
    "@aws-sdk/middleware-stack": 3.55.0
    "@aws-sdk/middleware-user-agent": 3.58.0
    "@aws-sdk/node-config-provider": 3.58.0
    "@aws-sdk/node-http-handler": 3.58.0
    "@aws-sdk/protocol-http": 3.58.0
    "@aws-sdk/smithy-client": 3.55.0
    "@aws-sdk/types": 3.55.0
    "@aws-sdk/url-parser": 3.55.0
    "@aws-sdk/util-base64-browser": 3.58.0
    "@aws-sdk/util-base64-node": 3.55.0
    "@aws-sdk/util-body-length-browser": 3.55.0
    "@aws-sdk/util-body-length-node": 3.55.0
    "@aws-sdk/util-defaults-mode-browser": 3.55.0
    "@aws-sdk/util-defaults-mode-node": 3.58.0
    "@aws-sdk/util-stream-browser": 3.55.0
    "@aws-sdk/util-stream-node": 3.55.0
    "@aws-sdk/util-user-agent-browser": 3.58.0
    "@aws-sdk/util-user-agent-node": 3.58.0
    "@aws-sdk/util-utf8-browser": 3.55.0
    "@aws-sdk/util-utf8-node": 3.55.0
    "@aws-sdk/util-waiter": 3.55.0
    "@aws-sdk/xml-builder": 3.55.0
    entities: 2.2.0
    fast-xml-parser: 3.19.0
    tslib: ^2.3.1
  checksum: c3f5aeb53e24b12fff1dcd2cd20c0ca075477afec358aad5e553ec42b9c960964845e0517c093dafd7d6fab900e8012c7f94eac09b23855f53bf7eeb3dc7e1be
  languageName: node
  linkType: hard

"@aws-sdk/client-sso@npm:3.58.0":
  version: 3.58.0
  resolution: "@aws-sdk/client-sso@npm:3.58.0"
  dependencies:
    "@aws-crypto/sha256-browser": 2.0.0
    "@aws-crypto/sha256-js": 2.0.0
    "@aws-sdk/config-resolver": 3.58.0
    "@aws-sdk/fetch-http-handler": 3.58.0
    "@aws-sdk/hash-node": 3.55.0
    "@aws-sdk/invalid-dependency": 3.55.0
    "@aws-sdk/middleware-content-length": 3.58.0
    "@aws-sdk/middleware-host-header": 3.58.0
    "@aws-sdk/middleware-logger": 3.55.0
    "@aws-sdk/middleware-retry": 3.58.0
    "@aws-sdk/middleware-serde": 3.55.0
    "@aws-sdk/middleware-stack": 3.55.0
    "@aws-sdk/middleware-user-agent": 3.58.0
    "@aws-sdk/node-config-provider": 3.58.0
    "@aws-sdk/node-http-handler": 3.58.0
    "@aws-sdk/protocol-http": 3.58.0
    "@aws-sdk/smithy-client": 3.55.0
    "@aws-sdk/types": 3.55.0
    "@aws-sdk/url-parser": 3.55.0
    "@aws-sdk/util-base64-browser": 3.58.0
    "@aws-sdk/util-base64-node": 3.55.0
    "@aws-sdk/util-body-length-browser": 3.55.0
    "@aws-sdk/util-body-length-node": 3.55.0
    "@aws-sdk/util-defaults-mode-browser": 3.55.0
    "@aws-sdk/util-defaults-mode-node": 3.58.0
    "@aws-sdk/util-user-agent-browser": 3.58.0
    "@aws-sdk/util-user-agent-node": 3.58.0
    "@aws-sdk/util-utf8-browser": 3.55.0
    "@aws-sdk/util-utf8-node": 3.55.0
    tslib: ^2.3.1
  checksum: f9cd3c37c9036bd4b452f5a15b3b098e0752afbabc441e343efbf5bd3958d6f80b3bb41383b194eb8feee8e8ed7a00fd478cf50c11d4dc8fb4ee32f6ab29f10a
  languageName: node
  linkType: hard

"@aws-sdk/client-sts@npm:3.58.0":
  version: 3.58.0
  resolution: "@aws-sdk/client-sts@npm:3.58.0"
  dependencies:
    "@aws-crypto/sha256-browser": 2.0.0
    "@aws-crypto/sha256-js": 2.0.0
    "@aws-sdk/config-resolver": 3.58.0
    "@aws-sdk/credential-provider-node": 3.58.0
    "@aws-sdk/fetch-http-handler": 3.58.0
    "@aws-sdk/hash-node": 3.55.0
    "@aws-sdk/invalid-dependency": 3.55.0
    "@aws-sdk/middleware-content-length": 3.58.0
    "@aws-sdk/middleware-host-header": 3.58.0
    "@aws-sdk/middleware-logger": 3.55.0
    "@aws-sdk/middleware-retry": 3.58.0
    "@aws-sdk/middleware-sdk-sts": 3.58.0
    "@aws-sdk/middleware-serde": 3.55.0
    "@aws-sdk/middleware-signing": 3.58.0
    "@aws-sdk/middleware-stack": 3.55.0
    "@aws-sdk/middleware-user-agent": 3.58.0
    "@aws-sdk/node-config-provider": 3.58.0
    "@aws-sdk/node-http-handler": 3.58.0
    "@aws-sdk/protocol-http": 3.58.0
    "@aws-sdk/smithy-client": 3.55.0
    "@aws-sdk/types": 3.55.0
    "@aws-sdk/url-parser": 3.55.0
    "@aws-sdk/util-base64-browser": 3.58.0
    "@aws-sdk/util-base64-node": 3.55.0
    "@aws-sdk/util-body-length-browser": 3.55.0
    "@aws-sdk/util-body-length-node": 3.55.0
    "@aws-sdk/util-defaults-mode-browser": 3.55.0
    "@aws-sdk/util-defaults-mode-node": 3.58.0
    "@aws-sdk/util-user-agent-browser": 3.58.0
    "@aws-sdk/util-user-agent-node": 3.58.0
    "@aws-sdk/util-utf8-browser": 3.55.0
    "@aws-sdk/util-utf8-node": 3.55.0
    entities: 2.2.0
    fast-xml-parser: 3.19.0
    tslib: ^2.3.1
  checksum: 822ca3b4f6a3a8eb1a8c89c0035af8d6415ced0943f41a103b1a31c97ec75dd7d4c088cea69af173ea5d9a8d88df3141b633912bd87dd2f1833c4a217efd1168
  languageName: node
  linkType: hard

"@aws-sdk/config-resolver@npm:3.58.0":
  version: 3.58.0
  resolution: "@aws-sdk/config-resolver@npm:3.58.0"
  dependencies:
    "@aws-sdk/signature-v4": 3.58.0
    "@aws-sdk/types": 3.55.0
    "@aws-sdk/util-config-provider": 3.55.0
    "@aws-sdk/util-middleware": 3.55.0
    tslib: ^2.3.1
  checksum: 059f2ae0fcaf8e85a46aa1aaa9e64babdeac8a6105e2cf04d7576f09ac6e81004e77cfcd4601c18df4f976e175a9c0e39a2e622ab34971ca5e5a3e0c22eee8e4
  languageName: node
  linkType: hard

"@aws-sdk/credential-provider-env@npm:3.55.0":
  version: 3.55.0
  resolution: "@aws-sdk/credential-provider-env@npm:3.55.0"
  dependencies:
    "@aws-sdk/property-provider": 3.55.0
    "@aws-sdk/types": 3.55.0
    tslib: ^2.3.1
  checksum: 9ce16188aa3ad825b4122ebfdbb82f72877dc0d7867fcd2aec97236835da753ceed00fba30a15386e10bfc6e3629c3d08452d437e1e68ff3d71f56b753c0fc61
  languageName: node
  linkType: hard

"@aws-sdk/credential-provider-imds@npm:3.58.0":
  version: 3.58.0
  resolution: "@aws-sdk/credential-provider-imds@npm:3.58.0"
  dependencies:
    "@aws-sdk/node-config-provider": 3.58.0
    "@aws-sdk/property-provider": 3.55.0
    "@aws-sdk/types": 3.55.0
    "@aws-sdk/url-parser": 3.55.0
    tslib: ^2.3.1
  checksum: a671c8fd98ad31e96c9db9fcca09aa97993b1267720e9a6f2566559d24b0451ae9588089fe38505b7759b85202decc480c6fe2cd0e107178f0e57c1404911852
  languageName: node
  linkType: hard

"@aws-sdk/credential-provider-ini@npm:3.58.0":
  version: 3.58.0
  resolution: "@aws-sdk/credential-provider-ini@npm:3.58.0"
  dependencies:
    "@aws-sdk/credential-provider-env": 3.55.0
    "@aws-sdk/credential-provider-imds": 3.58.0
    "@aws-sdk/credential-provider-sso": 3.58.0
    "@aws-sdk/credential-provider-web-identity": 3.55.0
    "@aws-sdk/property-provider": 3.55.0
    "@aws-sdk/shared-ini-file-loader": 3.58.0
    "@aws-sdk/types": 3.55.0
    tslib: ^2.3.1
  checksum: 5d7b5bc288811b04b27271d97b110cb324c2d9226064f033af8d7f3d77e1924f10ef56a346d83766c07969badabfd44fc0c418afd0ef96b5a9461c8b5f4d3ccc
  languageName: node
  linkType: hard

"@aws-sdk/credential-provider-node@npm:3.58.0":
  version: 3.58.0
  resolution: "@aws-sdk/credential-provider-node@npm:3.58.0"
  dependencies:
    "@aws-sdk/credential-provider-env": 3.55.0
    "@aws-sdk/credential-provider-imds": 3.58.0
    "@aws-sdk/credential-provider-ini": 3.58.0
    "@aws-sdk/credential-provider-process": 3.58.0
    "@aws-sdk/credential-provider-sso": 3.58.0
    "@aws-sdk/credential-provider-web-identity": 3.55.0
    "@aws-sdk/property-provider": 3.55.0
    "@aws-sdk/shared-ini-file-loader": 3.58.0
    "@aws-sdk/types": 3.55.0
    tslib: ^2.3.1
  checksum: b7183c191b2df9cac154ed8404267ca79eeee59c13adf6d8269ee6aebd6fbc6522c0a5c26a99417c0af6e4cb68f71b6c3c6afd3aecef7417aa08ba4375bf6f43
  languageName: node
  linkType: hard

"@aws-sdk/credential-provider-process@npm:3.58.0":
  version: 3.58.0
  resolution: "@aws-sdk/credential-provider-process@npm:3.58.0"
  dependencies:
    "@aws-sdk/property-provider": 3.55.0
    "@aws-sdk/shared-ini-file-loader": 3.58.0
    "@aws-sdk/types": 3.55.0
    tslib: ^2.3.1
  checksum: c9bd93f74885aa69edae28765b2fce429a6cba0e1a71962d3f7bf9c828b8bc65005340041e2070b4abba18fa3b6f53a73d07fac4d466a7584125562228fe0fd3
  languageName: node
  linkType: hard

"@aws-sdk/credential-provider-sso@npm:3.58.0":
  version: 3.58.0
  resolution: "@aws-sdk/credential-provider-sso@npm:3.58.0"
  dependencies:
    "@aws-sdk/client-sso": 3.58.0
    "@aws-sdk/property-provider": 3.55.0
    "@aws-sdk/shared-ini-file-loader": 3.58.0
    "@aws-sdk/types": 3.55.0
    tslib: ^2.3.1
  checksum: e39143be3fd33eb7e6b0054c130b7483ccd1f9c02d86a12635b5b4a6beec211ce3af70817578122acf88f126a94a3ec13f4deff2ded05f9ac6fc9a3043c0fa77
  languageName: node
  linkType: hard

"@aws-sdk/credential-provider-web-identity@npm:3.55.0":
  version: 3.55.0
  resolution: "@aws-sdk/credential-provider-web-identity@npm:3.55.0"
  dependencies:
    "@aws-sdk/property-provider": 3.55.0
    "@aws-sdk/types": 3.55.0
    tslib: ^2.3.1
  checksum: 6a181bfeff6c8d4f0ee6c5cebdc72aeedb4f6332e67f5e0a917f262b31e15f8712b0a6bc34e3edcd854beb26df47893f2409cb51c0e50471112d8c86b54713b0
  languageName: node
  linkType: hard

"@aws-sdk/eventstream-marshaller@npm:3.58.0":
  version: 3.58.0
  resolution: "@aws-sdk/eventstream-marshaller@npm:3.58.0"
  dependencies:
    "@aws-crypto/crc32": 2.0.0
    "@aws-sdk/types": 3.55.0
    "@aws-sdk/util-hex-encoding": 3.58.0
    tslib: ^2.3.1
  checksum: da43fa30c3b71a886c77ebdb3653cb2a123de8f21ccd135181097ab9a1e0cafb57287a737372430574d9f2073016b9b4925c55b3b6af5456e18eb0d50a0e3ab8
  languageName: node
  linkType: hard

"@aws-sdk/eventstream-serde-browser@npm:3.58.0":
  version: 3.58.0
  resolution: "@aws-sdk/eventstream-serde-browser@npm:3.58.0"
  dependencies:
    "@aws-sdk/eventstream-marshaller": 3.58.0
    "@aws-sdk/eventstream-serde-universal": 3.58.0
    "@aws-sdk/types": 3.55.0
    tslib: ^2.3.1
  checksum: b920f4b9d4618af406e501819d6da43aaa5db82c4c5afe46f921d8d427974506f7e3984df7e08a7d42723aa68d5b4d45464f9e532a9cc716ee9a89d7ad603700
  languageName: node
  linkType: hard

"@aws-sdk/eventstream-serde-config-resolver@npm:3.55.0":
  version: 3.55.0
  resolution: "@aws-sdk/eventstream-serde-config-resolver@npm:3.55.0"
  dependencies:
    "@aws-sdk/types": 3.55.0
    tslib: ^2.3.1
  checksum: 4090e1de8611f2b5896dff2267812507624f15da7f02e01a584b05a8b64b06d1b82cd927e66b70ed56ba70e53f6bd163ecc16ca093c3072c92beb1b27820d1dd
  languageName: node
  linkType: hard

"@aws-sdk/eventstream-serde-node@npm:3.58.0":
  version: 3.58.0
  resolution: "@aws-sdk/eventstream-serde-node@npm:3.58.0"
  dependencies:
    "@aws-sdk/eventstream-marshaller": 3.58.0
    "@aws-sdk/eventstream-serde-universal": 3.58.0
    "@aws-sdk/types": 3.55.0
    tslib: ^2.3.1
  checksum: 2fb527756ce7ae6ab636a01bee290209516547470dc61bdbe26fa26a36aebde20b5bf5f1f02f0653795aee32b5bc4b4cd47e035e14a4625c2e6bdb3f142593fa
  languageName: node
  linkType: hard

"@aws-sdk/eventstream-serde-universal@npm:3.58.0":
  version: 3.58.0
  resolution: "@aws-sdk/eventstream-serde-universal@npm:3.58.0"
  dependencies:
    "@aws-sdk/eventstream-marshaller": 3.58.0
    "@aws-sdk/types": 3.55.0
    tslib: ^2.3.1
  checksum: 9e3566118a6921a7f4bc72a3b979ae8f8b94022c43648e76cb1c6c09ffd03777a06bada83c75303c58f81d66de99d7dd26a86944856e619a8c5d0a85071a8d1a
  languageName: node
  linkType: hard

"@aws-sdk/fetch-http-handler@npm:3.58.0":
  version: 3.58.0
  resolution: "@aws-sdk/fetch-http-handler@npm:3.58.0"
  dependencies:
    "@aws-sdk/protocol-http": 3.58.0
    "@aws-sdk/querystring-builder": 3.55.0
    "@aws-sdk/types": 3.55.0
    "@aws-sdk/util-base64-browser": 3.58.0
    tslib: ^2.3.1
  checksum: 0412cf875fdcd99fb34318fa7ed62579ca34bff4fd8ef9d4a9c2653873542d02d963bd33fb188ed0e8dc8c6ac31104fb32248b66308bb7c6b015c254512225af
  languageName: node
  linkType: hard

"@aws-sdk/hash-blob-browser@npm:3.58.0":
  version: 3.58.0
  resolution: "@aws-sdk/hash-blob-browser@npm:3.58.0"
  dependencies:
    "@aws-sdk/chunked-blob-reader": 3.55.0
    "@aws-sdk/chunked-blob-reader-native": 3.58.0
    "@aws-sdk/types": 3.55.0
    tslib: ^2.3.1
  checksum: 9590d10e6c0f1cc65cf05b1a6c5ec68c8667ce9b1aa3ff3ba4f50e79fc11bbeef7c10fc802d8170a7b9b3b0e2152729f3c5aaaae3180a42e83d258a35b0606e1
  languageName: node
  linkType: hard

"@aws-sdk/hash-node@npm:3.55.0":
  version: 3.55.0
  resolution: "@aws-sdk/hash-node@npm:3.55.0"
  dependencies:
    "@aws-sdk/types": 3.55.0
    "@aws-sdk/util-buffer-from": 3.55.0
    tslib: ^2.3.1
  checksum: a43bb9d6746bc62483ca848453b7aac28a450b9ad5ce5c91719fc28699dfd3d2c7317de34c068df6297e3232fa8770247a24c20b2c779f25bbc963b73ed6a215
  languageName: node
  linkType: hard

"@aws-sdk/hash-stream-node@npm:3.58.0":
  version: 3.58.0
  resolution: "@aws-sdk/hash-stream-node@npm:3.58.0"
  dependencies:
    "@aws-sdk/types": 3.55.0
    tslib: ^2.3.1
  checksum: 18f9e7dcfc3588b10971b69afd2b66e963decc8ae6b2bc5c7710b1cc23b15a8a1cf68aa18608cdcd643f06351e87eb134b116c6dbb4c6efe472bf7867fe87a89
  languageName: node
  linkType: hard

"@aws-sdk/invalid-dependency@npm:3.55.0":
  version: 3.55.0
  resolution: "@aws-sdk/invalid-dependency@npm:3.55.0"
  dependencies:
    "@aws-sdk/types": 3.55.0
    tslib: ^2.3.1
  checksum: 1a257fa9c005cf0ce9e6abf18a9137f23d59fbe98ec28fd05bdec519c7fbeb0319b50396d1383d89e651247dd7ab98e0c217813517ae6e3e5441a5014bb8d3c9
  languageName: node
  linkType: hard

"@aws-sdk/is-array-buffer@npm:3.55.0":
  version: 3.55.0
  resolution: "@aws-sdk/is-array-buffer@npm:3.55.0"
  dependencies:
    tslib: ^2.3.1
  checksum: 527481f024166197b84a2b4859b51df9b6da4396255c19832e8fdb2f6dfc914dab8ad89433602f8d797f3f8dacc312ab8a0073b2c8e20dc85a28ad9d27aceaa7
  languageName: node
  linkType: hard

"@aws-sdk/lib-storage@npm:^3.58.0":
  version: 3.58.0
  resolution: "@aws-sdk/lib-storage@npm:3.58.0"
  dependencies:
    buffer: 5.6.0
    events: 3.3.0
    stream-browserify: 3.0.0
    tslib: ^2.3.1
  peerDependencies:
    "@aws-sdk/abort-controller": ^3.0.0
    "@aws-sdk/client-s3": ^3.0.0
  checksum: 55f1ca1d1290a487c6877fa0eb954e6803c9d27aba94cfb2724dd6a10377bac91628382f397e959f9b8a7ab934fe7b489b222dcd3bb4cf24cc0e98829e79b7f5
  languageName: node
  linkType: hard

"@aws-sdk/md5-js@npm:3.58.0":
  version: 3.58.0
  resolution: "@aws-sdk/md5-js@npm:3.58.0"
  dependencies:
    "@aws-sdk/types": 3.55.0
    "@aws-sdk/util-utf8-browser": 3.55.0
    "@aws-sdk/util-utf8-node": 3.55.0
    tslib: ^2.3.1
  checksum: 14aa694b549fb7caca5b768cda853de02070e9d2a7e84f1c1e545d67c244485248e8418d439af5ebaf9211395a69bf1824d96bbe457a247545f3d26a5b9dabeb
  languageName: node
  linkType: hard

"@aws-sdk/middleware-bucket-endpoint@npm:3.58.0":
  version: 3.58.0
  resolution: "@aws-sdk/middleware-bucket-endpoint@npm:3.58.0"
  dependencies:
    "@aws-sdk/protocol-http": 3.58.0
    "@aws-sdk/types": 3.55.0
    "@aws-sdk/util-arn-parser": 3.55.0
    "@aws-sdk/util-config-provider": 3.55.0
    tslib: ^2.3.1
  checksum: 5230caa1ae466906a7b72ea47fb9d4222b1904319a18d7461152aa017218ae535843a22bdf68256006032439349903f8c2e14215d59414f914a76a16e65022e9
  languageName: node
  linkType: hard

"@aws-sdk/middleware-content-length@npm:3.58.0":
  version: 3.58.0
  resolution: "@aws-sdk/middleware-content-length@npm:3.58.0"
  dependencies:
    "@aws-sdk/protocol-http": 3.58.0
    "@aws-sdk/types": 3.55.0
    tslib: ^2.3.1
  checksum: 935f82674b0f80e14c8bcc81d65e17ebeec99b5e7e272460111a3d4ac67ee5717ac2cd1873fe9617fb623f885da5222516f6df8aa1a4c286ed617ac272c79e1e
  languageName: node
  linkType: hard

"@aws-sdk/middleware-expect-continue@npm:3.58.0":
  version: 3.58.0
  resolution: "@aws-sdk/middleware-expect-continue@npm:3.58.0"
  dependencies:
    "@aws-sdk/middleware-header-default": 3.58.0
    "@aws-sdk/protocol-http": 3.58.0
    "@aws-sdk/types": 3.55.0
    tslib: ^2.3.1
  checksum: 0a5bd9edcabe7eaef224c1e623381d1e5550e5af9849d4054b94c936015f8ee8de32505f78df8d14cfdb592dff3e033b59a7e96b9920d154d44080d587333823
  languageName: node
  linkType: hard

"@aws-sdk/middleware-flexible-checksums@npm:3.58.0":
  version: 3.58.0
  resolution: "@aws-sdk/middleware-flexible-checksums@npm:3.58.0"
  dependencies:
    "@aws-crypto/crc32": 2.0.0
    "@aws-crypto/crc32c": 2.0.0
    "@aws-sdk/is-array-buffer": 3.55.0
    "@aws-sdk/protocol-http": 3.58.0
    "@aws-sdk/types": 3.55.0
    tslib: ^2.3.1
  checksum: 2c3061d77407b5acd8793253899eaa2f6bc3fdeb895663013e018dec030e4656e08517fa06c9decfcb530dd25055d177ca33c160707709305cd2b68d5242a151
  languageName: node
  linkType: hard

"@aws-sdk/middleware-header-default@npm:3.58.0":
  version: 3.58.0
  resolution: "@aws-sdk/middleware-header-default@npm:3.58.0"
  dependencies:
    "@aws-sdk/protocol-http": 3.58.0
    "@aws-sdk/types": 3.55.0
    tslib: ^2.3.1
  checksum: 2ffb992f126f2bbef74b26bc48c89fdeff9680d64ef9c42a50333d4708aaed63cdcc45462b1329c7043eeea71359ac66a8e709795b5a5a11aa03b2b4bd25bd90
  languageName: node
  linkType: hard

"@aws-sdk/middleware-host-header@npm:3.58.0":
  version: 3.58.0
  resolution: "@aws-sdk/middleware-host-header@npm:3.58.0"
  dependencies:
    "@aws-sdk/protocol-http": 3.58.0
    "@aws-sdk/types": 3.55.0
    tslib: ^2.3.1
  checksum: a67158eb647f428c73d420ff7e2b122fadb815706e93f49739a5ff2a3bcc52a30c264674f8b3a2cff7833e598ac54d22311487b48fc5d1eb2e9e8d7c60fed1e5
  languageName: node
  linkType: hard

"@aws-sdk/middleware-location-constraint@npm:3.55.0":
  version: 3.55.0
  resolution: "@aws-sdk/middleware-location-constraint@npm:3.55.0"
  dependencies:
    "@aws-sdk/types": 3.55.0
    tslib: ^2.3.1
  checksum: ff034328778a576e01ee92855f91212b259208e8cf115b460085994833bb9a7a9005fc362f0ef8b8c83fb27e5c16a228e9b184377e591886b7d2bd16a109fdcf
  languageName: node
  linkType: hard

"@aws-sdk/middleware-logger@npm:3.55.0":
  version: 3.55.0
  resolution: "@aws-sdk/middleware-logger@npm:3.55.0"
  dependencies:
    "@aws-sdk/types": 3.55.0
    tslib: ^2.3.1
  checksum: 11ff4f61d261605153e92fe9066a028f5e019b1bd29f5c2fc374784ad0357c6a473eb2628e9acaf415fe3044ec301d71e46d1d7745d915ff6e0d6c08f9a8ce5c
  languageName: node
  linkType: hard

"@aws-sdk/middleware-retry@npm:3.58.0":
  version: 3.58.0
  resolution: "@aws-sdk/middleware-retry@npm:3.58.0"
  dependencies:
    "@aws-sdk/protocol-http": 3.58.0
    "@aws-sdk/service-error-classification": 3.55.0
    "@aws-sdk/types": 3.55.0
    "@aws-sdk/util-middleware": 3.55.0
    tslib: ^2.3.1
    uuid: ^8.3.2
  checksum: 5aaa69bf7b520625c898a1020cf3f8c48bbb316d2d3ecdb8c41c57bad2a99afe9bc72c21195030c356d8959c267a6a4ad7f7fee39d4e83f22826a96f09816624
  languageName: node
  linkType: hard

"@aws-sdk/middleware-sdk-s3@npm:3.58.0":
  version: 3.58.0
  resolution: "@aws-sdk/middleware-sdk-s3@npm:3.58.0"
  dependencies:
    "@aws-sdk/protocol-http": 3.58.0
    "@aws-sdk/signature-v4": 3.58.0
    "@aws-sdk/types": 3.55.0
    "@aws-sdk/util-arn-parser": 3.55.0
    tslib: ^2.3.1
  peerDependencies:
    "@aws-sdk/signature-v4-crt": ^3.54.1
  peerDependenciesMeta:
    "@aws-sdk/signature-v4-crt":
      optional: true
  checksum: a387fbb022efb1fc1e0827da7cdcbcacd09335985d0387663e73b41f3034ad16fa2906593b8560660a91867ec227e37ca516d10e023c657c444276a66dfc1889
  languageName: node
  linkType: hard

"@aws-sdk/middleware-sdk-sts@npm:3.58.0":
  version: 3.58.0
  resolution: "@aws-sdk/middleware-sdk-sts@npm:3.58.0"
  dependencies:
    "@aws-sdk/middleware-signing": 3.58.0
    "@aws-sdk/property-provider": 3.55.0
    "@aws-sdk/protocol-http": 3.58.0
    "@aws-sdk/signature-v4": 3.58.0
    "@aws-sdk/types": 3.55.0
    tslib: ^2.3.1
  checksum: 97b30438aeddf23c062d29ed52c47cd3ba262cdd0b23369697d48805930fe3a7872e27102334b4124d46611f3a3bc65669d04798d29e28da50aa72314c173ae5
  languageName: node
  linkType: hard

"@aws-sdk/middleware-serde@npm:3.55.0":
  version: 3.55.0
  resolution: "@aws-sdk/middleware-serde@npm:3.55.0"
  dependencies:
    "@aws-sdk/types": 3.55.0
    tslib: ^2.3.1
  checksum: 8cdcd1f2cc89c42b95fe0d91d789a816e73235a2b92c75ea46049cc20c09b3d160c1e8a2bd8b2debfa315a026bfb7fe85a2d72986358ef9156c7af8352619531
  languageName: node
  linkType: hard

"@aws-sdk/middleware-signing@npm:3.58.0":
  version: 3.58.0
  resolution: "@aws-sdk/middleware-signing@npm:3.58.0"
  dependencies:
    "@aws-sdk/property-provider": 3.55.0
    "@aws-sdk/protocol-http": 3.58.0
    "@aws-sdk/signature-v4": 3.58.0
    "@aws-sdk/types": 3.55.0
    tslib: ^2.3.1
  checksum: 6df74e3eaca8eba268b7e8dedec965aa10da0e2317fde3531a5b6354e0e4d74c9bc4f6bb6fd30f3265d15ea4a91131eb4fb9161ec785b97c1bde65d8787bb41e
  languageName: node
  linkType: hard

"@aws-sdk/middleware-ssec@npm:3.55.0":
  version: 3.55.0
  resolution: "@aws-sdk/middleware-ssec@npm:3.55.0"
  dependencies:
    "@aws-sdk/types": 3.55.0
    tslib: ^2.3.1
  checksum: ae5c320b8a49b2bd248523d8f0371dd41907e713d11b9a72254396995e68b2af0747daafa192a108ce8769a66508a1c5ccda75c6c2cd594d4933d85c67981800
  languageName: node
  linkType: hard

"@aws-sdk/middleware-stack@npm:3.55.0":
  version: 3.55.0
  resolution: "@aws-sdk/middleware-stack@npm:3.55.0"
  dependencies:
    tslib: ^2.3.1
  checksum: 6878657a22e3d62ae42576ef3558247d6e5691a495b0c7c43ea6cbce1781fb760e6d07915170dd8262578ab502a11c729d55f44a837aa045a31277c2ca05fbab
  languageName: node
  linkType: hard

"@aws-sdk/middleware-user-agent@npm:3.58.0":
  version: 3.58.0
  resolution: "@aws-sdk/middleware-user-agent@npm:3.58.0"
  dependencies:
    "@aws-sdk/protocol-http": 3.58.0
    "@aws-sdk/types": 3.55.0
    tslib: ^2.3.1
  checksum: 5d80faad12c8784cfa55c360a025fe04d126edb9e8e8b549f3cf1a4108d4cf343f2f9f3002e8d211241739dd331c007efef85caaf46af84e6650f8a872e5310e
  languageName: node
  linkType: hard

"@aws-sdk/node-config-provider@npm:3.58.0":
  version: 3.58.0
  resolution: "@aws-sdk/node-config-provider@npm:3.58.0"
  dependencies:
    "@aws-sdk/property-provider": 3.55.0
    "@aws-sdk/shared-ini-file-loader": 3.58.0
    "@aws-sdk/types": 3.55.0
    tslib: ^2.3.1
  checksum: caaf800d51640fc20021a95066824d50408c4b3bd4333442b676233fc01db10a0dfa615f03b18c21e325880b8755f12101870183f1c18b4bccac68647e1552e8
  languageName: node
  linkType: hard

"@aws-sdk/node-http-handler@npm:3.58.0":
  version: 3.58.0
  resolution: "@aws-sdk/node-http-handler@npm:3.58.0"
  dependencies:
    "@aws-sdk/abort-controller": 3.55.0
    "@aws-sdk/protocol-http": 3.58.0
    "@aws-sdk/querystring-builder": 3.55.0
    "@aws-sdk/types": 3.55.0
    tslib: ^2.3.1
  checksum: 103a0dcaedf5d6d8a389730874766d1e5267e656a2ee3d23f7607c410c4a55e68a8903ea6212070ce05a68d5ffa23844e0613e99033b704f08d883bda5a93ef9
  languageName: node
  linkType: hard

"@aws-sdk/property-provider@npm:3.55.0":
  version: 3.55.0
  resolution: "@aws-sdk/property-provider@npm:3.55.0"
  dependencies:
    "@aws-sdk/types": 3.55.0
    tslib: ^2.3.1
  checksum: 7977f729f3fbd3415686c46422a3acc7766dacc94b6d3f0f0a9c5bce3f8c9b0c19f8122c11e3f0db658d6232004bd5e9a9913354a6ba65899d0dd54933a16fec
  languageName: node
  linkType: hard

"@aws-sdk/protocol-http@npm:3.58.0":
  version: 3.58.0
  resolution: "@aws-sdk/protocol-http@npm:3.58.0"
  dependencies:
    "@aws-sdk/types": 3.55.0
    tslib: ^2.3.1
  checksum: 9617c14705a0b552eac1197c96ab659b371075f19e92485c41de3073245c2afcf81f47b0a6b06073aaa5159cbf46ae37a3104c637a15c98415d1702575cf297d
  languageName: node
  linkType: hard

"@aws-sdk/querystring-builder@npm:3.55.0":
  version: 3.55.0
  resolution: "@aws-sdk/querystring-builder@npm:3.55.0"
  dependencies:
    "@aws-sdk/types": 3.55.0
    "@aws-sdk/util-uri-escape": 3.55.0
    tslib: ^2.3.1
  checksum: ca04a857431adaf39e4f7828bd9964f3f46eea7883fc8d3294695cbd2df283af8bfdc455b9e1412e3dbb2be879425557fc1b19ec087b28641489cd17579e5440
  languageName: node
  linkType: hard

"@aws-sdk/querystring-parser@npm:3.55.0":
  version: 3.55.0
  resolution: "@aws-sdk/querystring-parser@npm:3.55.0"
  dependencies:
    "@aws-sdk/types": 3.55.0
    tslib: ^2.3.1
  checksum: 810ec45b5ba05eff3bf923624af6634e14519eb07b9446b84150d74fa82f33ee955b3f7489350adeb1d49ab6a036e45b36e32d9cc9e48e98af2f136156703d64
  languageName: node
  linkType: hard

"@aws-sdk/service-error-classification@npm:3.55.0":
  version: 3.55.0
  resolution: "@aws-sdk/service-error-classification@npm:3.55.0"
  checksum: 9bf676820ffcd326d75aa551b6c67bea6ad26e32b431d6e781d5a8217ed8b35ce7c09b4ab0599b2eb43e0b727d31e880418c08e2e06fa55a83e1d7528173e741
  languageName: node
  linkType: hard

"@aws-sdk/shared-ini-file-loader@npm:3.58.0":
  version: 3.58.0
  resolution: "@aws-sdk/shared-ini-file-loader@npm:3.58.0"
  dependencies:
    tslib: ^2.3.1
  checksum: 70e361740788211a9b21f70d882f398759432523d0cfd032c7d086421d618264ac26e97ed755e65ffd53c671f8e69568ced31d9d5c3395b029f5bfe99f7ed9f8
  languageName: node
  linkType: hard

"@aws-sdk/signature-v4@npm:3.58.0":
  version: 3.58.0
  resolution: "@aws-sdk/signature-v4@npm:3.58.0"
  dependencies:
    "@aws-sdk/is-array-buffer": 3.55.0
    "@aws-sdk/types": 3.55.0
    "@aws-sdk/util-hex-encoding": 3.58.0
    "@aws-sdk/util-middleware": 3.55.0
    "@aws-sdk/util-uri-escape": 3.55.0
    tslib: ^2.3.1
  checksum: f6eb806835ee31b659c51d4c362e7476d6f081d8406db8760862d75565b6ede6a8849d1e44573e8d07967e697696020a755d835a85db2e513ab9a4daf1dc71d5
  languageName: node
  linkType: hard

"@aws-sdk/smithy-client@npm:3.55.0":
  version: 3.55.0
  resolution: "@aws-sdk/smithy-client@npm:3.55.0"
  dependencies:
    "@aws-sdk/middleware-stack": 3.55.0
    "@aws-sdk/types": 3.55.0
    tslib: ^2.3.1
  checksum: cca9c43a37dce3664ed598cee4e2eaef55737e0b902dfd6e33b3d2fc1a1c9c4aa1efa930e99eb2912136d3038d2bbd14e3e33a383acbc2f7ac05e850ecdb9388
  languageName: node
  linkType: hard

"@aws-sdk/types@npm:3.55.0, @aws-sdk/types@npm:^3.1.0":
  version: 3.55.0
  resolution: "@aws-sdk/types@npm:3.55.0"
  checksum: 99400abe556aadd851b2be0487389b9828303d9d5a3992847e0d2bcf69bfe78afc8792d67cb653b51737372d1a4568ba9b9e141b61f45b73c2bcab39e11cc2e3
  languageName: node
  linkType: hard

"@aws-sdk/url-parser@npm:3.55.0":
  version: 3.55.0
  resolution: "@aws-sdk/url-parser@npm:3.55.0"
  dependencies:
    "@aws-sdk/querystring-parser": 3.55.0
    "@aws-sdk/types": 3.55.0
    tslib: ^2.3.1
  checksum: 01a8548c4f9cef2225b37f3f0cf8b969930662e6de1edb7102767c58f38a63bb70b69bdcffb4ca66c4678d6c66ada95538036661f3149e9968c73bf56aec99d3
  languageName: node
  linkType: hard

"@aws-sdk/util-arn-parser@npm:3.55.0":
  version: 3.55.0
  resolution: "@aws-sdk/util-arn-parser@npm:3.55.0"
  dependencies:
    tslib: ^2.3.1
  checksum: d98f38ef89c3d60a9ef4c7129338969f90c760817d8c0d8eaada19b09af1a033afcdade62cf1e990af1cab12c07bc2dff85fecae2fd1e8083e518d4a99a2b079
  languageName: node
  linkType: hard

"@aws-sdk/util-base64-browser@npm:3.58.0":
  version: 3.58.0
  resolution: "@aws-sdk/util-base64-browser@npm:3.58.0"
  dependencies:
    tslib: ^2.3.1
  checksum: d5bca44efd9188dd0ff435ace5cc2819190d2ca7855f040ba65d327c4a5b3ecf9f565de220c0d1b3687b025945761ec97b8c69cd145b97586de3c6050f602f68
  languageName: node
  linkType: hard

"@aws-sdk/util-base64-node@npm:3.55.0":
  version: 3.55.0
  resolution: "@aws-sdk/util-base64-node@npm:3.55.0"
  dependencies:
    "@aws-sdk/util-buffer-from": 3.55.0
    tslib: ^2.3.1
  checksum: 4a2a58ae2e5d2d904271dd0433b9c15ca9a8e9d62e979c82159420ab8e1b573e96c8f223c951be2139cdfe49a09c478d165eff9468978883c4c5bcdfa7d9fd4b
  languageName: node
  linkType: hard

"@aws-sdk/util-body-length-browser@npm:3.55.0":
  version: 3.55.0
  resolution: "@aws-sdk/util-body-length-browser@npm:3.55.0"
  dependencies:
    tslib: ^2.3.1
  checksum: f10c9e1f052da751e762e807f23b768052e5d375d7e048d596ee1d607065ff0c0ef7004bd4fd136848b6a5646c1c69e43860aa7a3da80d90023b749530faad59
  languageName: node
  linkType: hard

"@aws-sdk/util-body-length-node@npm:3.55.0":
  version: 3.55.0
  resolution: "@aws-sdk/util-body-length-node@npm:3.55.0"
  dependencies:
    tslib: ^2.3.1
  checksum: 35ae66271b7160c53b344a2bd933b5882e9fcef4a47c579a2a9e313657da8b896ca6c674489767f75d148ea5ffb8cbde2127eae55f5f39aaa4823a7c1d98ec69
  languageName: node
  linkType: hard

"@aws-sdk/util-buffer-from@npm:3.55.0":
  version: 3.55.0
  resolution: "@aws-sdk/util-buffer-from@npm:3.55.0"
  dependencies:
    "@aws-sdk/is-array-buffer": 3.55.0
    tslib: ^2.3.1
  checksum: 0c1d72cf2369c13a8bff7d990f8e8da7f5584dcbdf1965cf50674d531b42d80661eebdbbaf968d6932760fc3f5708374a676d05485a1d02347655ea5f2423f57
  languageName: node
  linkType: hard

"@aws-sdk/util-config-provider@npm:3.55.0":
  version: 3.55.0
  resolution: "@aws-sdk/util-config-provider@npm:3.55.0"
  dependencies:
    tslib: ^2.3.1
  checksum: d7597e59296c56b763ccc54e00c48478ac73308e505d5b1a75c7ba3ebc5c893a7d76a1eb76086c4d0792c9fdde4f17884bca19ec968b45256156f93c1aac2714
  languageName: node
  linkType: hard

"@aws-sdk/util-defaults-mode-browser@npm:3.55.0":
  version: 3.55.0
  resolution: "@aws-sdk/util-defaults-mode-browser@npm:3.55.0"
  dependencies:
    "@aws-sdk/property-provider": 3.55.0
    "@aws-sdk/types": 3.55.0
    bowser: ^2.11.0
    tslib: ^2.3.1
  checksum: 836f881d4fb8cd467e407080192205d5d31d7a9b87e2d578d7f691b5ca6259a98d37018a0552b529010e612b5be0576115e47dfdff804692d2ab0e3405f2efd3
  languageName: node
  linkType: hard

"@aws-sdk/util-defaults-mode-node@npm:3.58.0":
  version: 3.58.0
  resolution: "@aws-sdk/util-defaults-mode-node@npm:3.58.0"
  dependencies:
    "@aws-sdk/config-resolver": 3.58.0
    "@aws-sdk/credential-provider-imds": 3.58.0
    "@aws-sdk/node-config-provider": 3.58.0
    "@aws-sdk/property-provider": 3.55.0
    "@aws-sdk/types": 3.55.0
    tslib: ^2.3.1
  checksum: c42bf9019e4c67f0a14629c53c51d0abcd01cc8644093afc0c2bed47d31c063570e072d5b9bff7b2725a35587cbb0d94badd498ba4d7746dbefab4e75eab43fb
  languageName: node
  linkType: hard

"@aws-sdk/util-hex-encoding@npm:3.58.0":
  version: 3.58.0
  resolution: "@aws-sdk/util-hex-encoding@npm:3.58.0"
  dependencies:
    tslib: ^2.3.1
  checksum: b0e210a963ea76bc0f4349c3a70f742487a688a790ef5b8111758356846f76585b822761cabe097d47ecd6d554c963f397dc88648aa141642f8895755c148624
  languageName: node
  linkType: hard

"@aws-sdk/util-locate-window@npm:^3.0.0":
  version: 3.55.0
  resolution: "@aws-sdk/util-locate-window@npm:3.55.0"
  dependencies:
    tslib: ^2.3.1
  checksum: 5bc79779a17ae4dd5cbcc221df6e85c976a149c0868745ae58075a3c51506aeeb087dfde4b3e5179004461243b11f3a458de720ee92866c6a1b65182326259ae
  languageName: node
  linkType: hard

"@aws-sdk/util-middleware@npm:3.55.0":
  version: 3.55.0
  resolution: "@aws-sdk/util-middleware@npm:3.55.0"
  dependencies:
    tslib: ^2.3.1
  checksum: 6c1b55122a710cfa2dcf75ab6f6288ae33a1aab66bee4a28509975680d60e40db40004b2788453ef57e7ee0098f761132437251333f9deda19cfed539ed5dab3
  languageName: node
  linkType: hard

"@aws-sdk/util-stream-browser@npm:3.55.0":
  version: 3.55.0
  resolution: "@aws-sdk/util-stream-browser@npm:3.55.0"
  dependencies:
    "@aws-sdk/types": 3.55.0
    tslib: ^2.3.1
  checksum: 675bc5f5e647f7acfcec459cad06d7152d153a156bc3937b8cd6010852493e37ac1bbe9deb3bc66c561389b85118e239e6935229ecf0f49f3c951d0194a99929
  languageName: node
  linkType: hard

"@aws-sdk/util-stream-node@npm:3.55.0":
  version: 3.55.0
  resolution: "@aws-sdk/util-stream-node@npm:3.55.0"
  dependencies:
    "@aws-sdk/types": 3.55.0
    tslib: ^2.3.1
  checksum: 24adecd4b9c9bbbe32115b9cacbf2c3d8594e3b0331b6c56588fa7a50098d87c0590a715c5b4f3d4e260a63fffbef1e6f0ed08c21b73d89dd54f0e7fe872176e
  languageName: node
  linkType: hard

"@aws-sdk/util-uri-escape@npm:3.55.0":
  version: 3.55.0
  resolution: "@aws-sdk/util-uri-escape@npm:3.55.0"
  dependencies:
    tslib: ^2.3.1
  checksum: fad6780856f2b42a11ce7bb1e2ea5b7a966a8f564f3d09e83dca024291ae589a0cb2a1d294812cd626346addeb292c178f84867e40f8fab6fca067bc42ad360a
  languageName: node
  linkType: hard

"@aws-sdk/util-user-agent-browser@npm:3.58.0":
  version: 3.58.0
  resolution: "@aws-sdk/util-user-agent-browser@npm:3.58.0"
  dependencies:
    "@aws-sdk/types": 3.55.0
    bowser: ^2.11.0
    tslib: ^2.3.1
  checksum: 3a6226c554f72205ca89c80be01af24f12f7dd8b90c0a04dd847a2b1a5fef6e2e79c29f65e8f436ae0f1228f3f231f7c9bf65c0c8ce5e9f7e620747d4a3073f9
  languageName: node
  linkType: hard

"@aws-sdk/util-user-agent-node@npm:3.58.0":
  version: 3.58.0
  resolution: "@aws-sdk/util-user-agent-node@npm:3.58.0"
  dependencies:
    "@aws-sdk/node-config-provider": 3.58.0
    "@aws-sdk/types": 3.55.0
    tslib: ^2.3.1
  checksum: 70776a79c79d431a50c97e69c071590a2407c00fdff9b09c43002d79418788140503a24c6309ae5a0a3d9995c75acf2b8554a5873704bd115f10d39261ea1258
  languageName: node
  linkType: hard

"@aws-sdk/util-utf8-browser@npm:3.55.0, @aws-sdk/util-utf8-browser@npm:^3.0.0":
  version: 3.55.0
  resolution: "@aws-sdk/util-utf8-browser@npm:3.55.0"
  dependencies:
    tslib: ^2.3.1
  checksum: 669243578b2b311a57fd1568c68db4c56972434d4ad6aa9c646bff2845205b022199fb82e5c1252eeee20a1bf42947d3738c10cac9e404815b090aa53d5a7c4b
  languageName: node
  linkType: hard

"@aws-sdk/util-utf8-node@npm:3.55.0":
  version: 3.55.0
  resolution: "@aws-sdk/util-utf8-node@npm:3.55.0"
  dependencies:
    "@aws-sdk/util-buffer-from": 3.55.0
    tslib: ^2.3.1
  checksum: a2208cca7645e4429e9ecd07ece7b51b61e8578f65f2c5f1a10b5a9a2bb73a604524207460a66f4857ee69a6b38023d80f7b21bc1dcafdbef679e9f6e303f5ff
  languageName: node
  linkType: hard

"@aws-sdk/util-waiter@npm:3.55.0":
  version: 3.55.0
  resolution: "@aws-sdk/util-waiter@npm:3.55.0"
  dependencies:
    "@aws-sdk/abort-controller": 3.55.0
    "@aws-sdk/types": 3.55.0
    tslib: ^2.3.1
  checksum: 6e9955c21474d043957af8cd09638e8bd53a8c0d707bfddb7b3686fe6f15049de28d22c203997750639879eefa20f9fe6c9826165da652b1046d132c2d1e5e66
  languageName: node
  linkType: hard

"@aws-sdk/xml-builder@npm:3.55.0":
  version: 3.55.0
  resolution: "@aws-sdk/xml-builder@npm:3.55.0"
  dependencies:
    tslib: ^2.3.1
  checksum: c798a39c6102fcc4cdf7689b47547bef2777f8e2d3f96776aeb93ac550741d4d8365a1b8e1025492c5b649d2823e8b3314e69fb6ff4586710b36b49e83ad7666
  languageName: node
  linkType: hard

"base64-js@npm:^1.0.2":
  version: 1.5.1
  resolution: "base64-js@npm:1.5.1"
  checksum: 669632eb3745404c2f822a18fc3a0122d2f9a7a13f7fb8b5823ee19d1d2ff9ee5b52c53367176ea4ad093c332fd5ab4bd0ebae5a8e27917a4105a4cfc86b1005
  languageName: node
  linkType: hard

"bowser@npm:^2.11.0":
  version: 2.11.0
  resolution: "bowser@npm:2.11.0"
  checksum: 29c3f01f22e703fa6644fc3b684307442df4240b6e10f6cfe1b61c6ca5721073189ca97cdeedb376081148c8518e33b1d818a57f781d70b0b70e1f31fb48814f
  languageName: node
  linkType: hard

"buffer@npm:5.6.0":
  version: 5.6.0
  resolution: "buffer@npm:5.6.0"
  dependencies:
    base64-js: ^1.0.2
    ieee754: ^1.1.4
  checksum: d659494c5032dd39d03d2912e64179cc44c6340e7e9d1f68d3840e7ab4559989fbce92b4950174593c38d05268224235ba404f0878775cab2a616b6dcad9c23e
  languageName: node
  linkType: hard

"entities@npm:2.2.0":
  version: 2.2.0
  resolution: "entities@npm:2.2.0"
  checksum: 19010dacaf0912c895ea262b4f6128574f9ccf8d4b3b65c7e8334ad0079b3706376360e28d8843ff50a78aabcb8f08f0a32dbfacdc77e47ed77ca08b713669b3
  languageName: node
  linkType: hard

"events@npm:3.3.0":
  version: 3.3.0
  resolution: "events@npm:3.3.0"
  checksum: f6f487ad2198aa41d878fa31452f1a3c00958f46e9019286ff4787c84aac329332ab45c9cdc8c445928fc6d7ded294b9e005a7fce9426488518017831b272780
  languageName: node
  linkType: hard

"fast-xml-parser@npm:3.19.0":
  version: 3.19.0
  resolution: "fast-xml-parser@npm:3.19.0"
  bin:
    xml2js: cli.js
  checksum: d9da9145f73d90c05ee2746d80c78eca4da0249dea8c81ea8f1a6e1245e62988ed4a040dbd1c7229b1e0bdcbf69d33c882e0ac337d10c7eedb159a4dc9779327
  languageName: node
  linkType: hard

"ieee754@npm:^1.1.4":
  version: 1.2.1
  resolution: "ieee754@npm:1.2.1"
  checksum: 5144c0c9815e54ada181d80a0b810221a253562422e7c6c3a60b1901154184f49326ec239d618c416c1c5945a2e197107aee8d986a3dd836b53dffefd99b5e7e
  languageName: node
  linkType: hard

"inherits@npm:^2.0.3, inherits@npm:~2.0.4":
  version: 2.0.4
  resolution: "inherits@npm:2.0.4"
  checksum: 4a48a733847879d6cf6691860a6b1e3f0f4754176e4d71494c41f3475553768b10f84b5ce1d40fbd0e34e6bfbb864ee35858ad4dd2cf31e02fc4a154b724d7f1
  languageName: node
  linkType: hard

"provider-aws-cloudfront@workspace:.":
  version: 0.0.0-use.local
  resolution: "provider-aws-cloudfront@workspace:."
  dependencies:
    "@aws-sdk/client-s3": ^3.58.0
    "@aws-sdk/lib-storage": ^3.58.0
  languageName: unknown
  linkType: soft

"readable-stream@npm:^3.5.0":
  version: 3.6.0
  resolution: "readable-stream@npm:3.6.0"
  dependencies:
    inherits: ^2.0.3
    string_decoder: ^1.1.1
    util-deprecate: ^1.0.1
  checksum: d4ea81502d3799439bb955a3a5d1d808592cf3133350ed352aeaa499647858b27b1c4013984900238b0873ec8d0d8defce72469fb7a83e61d53f5ad61cb80dc8
  languageName: node
  linkType: hard

"safe-buffer@npm:~5.2.0":
  version: 5.2.1
  resolution: "safe-buffer@npm:5.2.1"
  checksum: b99c4b41fdd67a6aaf280fcd05e9ffb0813654894223afb78a31f14a19ad220bba8aba1cb14eddce1fcfb037155fe6de4e861784eb434f7d11ed58d1e70dd491
  languageName: node
  linkType: hard

"stream-browserify@npm:3.0.0":
  version: 3.0.0
  resolution: "stream-browserify@npm:3.0.0"
  dependencies:
    inherits: ~2.0.4
    readable-stream: ^3.5.0
  checksum: 4c47ef64d6f03815a9ca3874e2319805e8e8a85f3550776c47ce523b6f4c6cd57f40e46ec6a9ab8ad260fde61863c2718f250d3bedb3fe9052444eb9abfd9921
  languageName: node
  linkType: hard

"string_decoder@npm:^1.1.1":
  version: 1.3.0
  resolution: "string_decoder@npm:1.3.0"
  dependencies:
    safe-buffer: ~5.2.0
  checksum: 8417646695a66e73aefc4420eb3b84cc9ffd89572861fe004e6aeb13c7bc00e2f616247505d2dbbef24247c372f70268f594af7126f43548565c68c117bdeb56
  languageName: node
  linkType: hard

"tslib@npm:^1.11.1":
  version: 1.14.1
  resolution: "tslib@npm:1.14.1"
  checksum: dbe628ef87f66691d5d2959b3e41b9ca0045c3ee3c7c7b906cc1e328b39f199bb1ad9e671c39025bd56122ac57dfbf7385a94843b1cc07c60a4db74795829acd
  languageName: node
  linkType: hard

"tslib@npm:^2.3.1":
  version: 2.3.1
  resolution: "tslib@npm:2.3.1"
  checksum: de17a98d4614481f7fcb5cd53ffc1aaf8654313be0291e1bfaee4b4bb31a20494b7d218ff2e15017883e8ea9626599b3b0e0229c18383ba9dce89da2adf15cb9
  languageName: node
  linkType: hard

"util-deprecate@npm:^1.0.1":
  version: 1.0.2
  resolution: "util-deprecate@npm:1.0.2"
  checksum: 474acf1146cb2701fe3b074892217553dfcf9a031280919ba1b8d651a068c9b15d863b7303cb15bd00a862b498e6cf4ad7b4a08fb134edd5a6f7641681cb54a2
  languageName: node
  linkType: hard

"uuid@npm:^8.3.2":
  version: 8.3.2
  resolution: "uuid@npm:8.3.2"
  bin:
    uuid: dist/bin/uuid
  checksum: 5575a8a75c13120e2f10e6ddc801b2c7ed7d8f3c8ac22c7ed0c7b2ba6383ec0abda88c905085d630e251719e0777045ae3236f04c812184b7c765f63a70e58df
  languageName: node
  linkType: hard
